
Microsoft Visual Studio Solution File, Format Version 12.00
# Visual Studio Version 17
VisualStudioVersion = 17.1.32414.318
MinimumVisualStudioVersion = 10.0.40219.1
Project("{FAE04EC0-301F-11D3-BF4B-00C04F79EFBC}") = "Project1", "Project1\Project1.csproj", "{E661EFA1-67D3-4FC2-8276-41A81B24CF0F}"
EndProject
Global
	GlobalSection(SolutionConfigurationPlatforms) = preSolution
		Debug|Any CPU = Debug|Any CPU
		Release|Any CPU = Release|Any CPU
	EndGlobalSection
	GlobalSection(ProjectConfigurationPlatforms) = postSolution
		{E661EFA1-67D3-4FC2-8276-41A81B24CF0F}.Debug|Any CPU.ActiveCfg = Debug|Any CPU
		{E661EFA1-67D3-4FC2-8276-41A81B24CF0F}.Debug|Any CPU.Build.0 = Debug|Any CPU
		{E661EFA1-67D3-4FC2-8276-41A81B24CF0F}.Release|Any CPU.ActiveCfg = Release|Any CPU
		{E661EFA1-67D3-4FC2-8276-41A81B24CF0F}.Release|Any CPU.Build.0 = Release|Any CPU
	EndGlobalSection
	GlobalSection(SolutionProperties) = preSolution
		HideSolutionNode = FALSE
	EndGlobalSection
	GlobalSection(ExtensibilityGlobals) = postSolution
		SolutionGuid = {1C125BB1-79EE-4321-9775-36E578E0EC4C}
	EndGlobalSection
EndGlobal
